{
  "name": "codeyam-replit-starter",
  "version": "0.1.0",
  "lockfileVersion": 3,
  "requires": true,
  "packages": {
    "": {
      "name": "codeyam-replit-starter",
      "version": "0.1.0",
      "dependencies": {
        "@codeyam-editor/codeyam-editor": "0.1.10"
      },
      "engines": {
        "node": ">=20.0.0"
      }
    },
    "node_modules/@codeyam-editor/codeyam-editor": {
      "version": "0.1.10",
      "resolved": "http://package-firewall.replit.internal/npm/@codeyam-editor/codeyam-editor/-/codeyam-editor-0.1.10.tgz",
      "integrity": "sha512-VTtayYW93lJnKLGcHkziVh2V/IHwx+CcWMpFCvtHdUMdF0plsLUSX4sSGqb9dnTDfSOiHSP42LYRMMoh3P3/rA==",
      "license": "MIT",
      "dependencies": {
        "playwright": "^1.58.2"
      },
      "bin": {
        "codeyam-editor": "npm/cli.js"
      },
      "engines": {
        "node": ">=20.0.0"
      },
      "optionalDependencies": {
        "@codeyam-editor/codeyam-editor-darwin-arm64": "0.1.10",
        "@codeyam-editor/codeyam-editor-darwin-x64": "0.1.10",
        "@codeyam-editor/codeyam-editor-linux-x64": "0.1.10",
        "@codeyam-editor/codeyam-editor-win32-x64": "0.1.10"
      }
    },
    "node_modules/@codeyam-editor/codeyam-editor-darwin-arm64": {
      "version": "0.1.10",
      "resolved": "http://package-firewall.replit.internal/npm/@codeyam-editor/codeyam-editor-darwin-arm64/-/codeyam-editor-darwin-arm64-0.1.10.tgz",
      "integrity": "sha512-mu835HxgN4XUqbiEjBcKAaMbTtpa6s/+sTrOoQR//VAa5kOi5DrpMUdaLazYKHlmidSSL1wi92hVlRfJ+/pkXQ==",
      "cpu": [
        "arm64"
      ],
      "license": "MIT",
      "optional": true,
      "os": [
        "darwin"
      ],
      "engines": {
        "node": ">=20.0.0"
      }
    },
    "node_modules/@codeyam-editor/codeyam-editor-darwin-x64": {
      "version": "0.1.10",
      "resolved": "http://package-firewall.replit.internal/npm/@codeyam-editor/codeyam-editor-darwin-x64/-/codeyam-editor-darwin-x64-0.1.10.tgz",
      "integrity": "sha512-5yFhXaOEo8QbjWav1wbzl/cEITO2EIjfetiGjs98RTW/OhQa8s67NhI19SWI/mbSWgqv4gBWZhtKWUFjWJIpFQ==",
      "cpu": [
        "x64"
      ],
      "license": "MIT",
      "optional": true,
      "os": [
        "darwin"
      ],
      "engines": {
        "node": ">=20.0.0"
      }
    },
    "node_modules/@codeyam-editor/codeyam-editor-linux-x64": {
      "version": "0.1.10",
      "resolved": "http://package-firewall.replit.internal/npm/@codeyam-editor/codeyam-editor-linux-x64/-/codeyam-editor-linux-x64-0.1.10.tgz",
      "integrity": "sha512-WybeIQsuOFl82K0Kr4zVBx0wY7ve3jvxA0Hatw/51wu+1l3hQ6VWwutfesOvlEYO+27cYeoRrVp75I3sh2ncqQ==",
      "cpu": [
        "x64"
      ],
      "license": "MIT",
      "optional": true,
      "os": [
        "linux"
      ],
      "engines": {
        "node": ">=20.0.0"
      }
    },
    "node_modules/@codeyam-editor/codeyam-editor-win32-x64": {
      "version": "0.1.10",
      "resolved": "http://package-firewall.replit.internal/npm/@codeyam-editor/codeyam-editor-win32-x64/-/codeyam-editor-win32-x64-0.1.10.tgz",
      "integrity": "sha512-BpNGYp04R2UUVNoI/1yMf2W4/s0oZQQEkpo0B7ScjfR94R/Gr7FQ6vyTsQ1O3ZKvNE59ClvFhU4nxWoru4Mq+Q==",
      "cpu": [
        "x64"
      ],
      "license": "MIT",
      "optional": true,
      "os": [
        "win32"
      ],
      "engines": {
        "node": ">=20.0.0"
      }
    },
    "node_modules/playwright": {
      "version": "1.63.0",
      "resolved": "http://package-firewall.replit.internal/npm/playwright/-/playwright-1.63.0.tgz",
      "integrity": "sha512-+7ziBLidS4NaNCdt57SUDT+wYmmd5fmiQejUic/kb+YsYSCPyOOE9sebzMjNmQrsnNpDJqd4WHvV/8lfKfUDUg==",
      "license": "Apache-2.0",
      "dependencies": {
        "playwright-core": "1.63.0"
      },
      "bin": {
        "playwright": "cli.js"
      },
      "engines": {
        "node": ">=20"
      }
    },
    "node_modules/playwright-core": {
      "version": "1.63.0",
      "resolved": "http://package-firewall.replit.internal/npm/playwright-core/-/playwright-core-1.63.0.tgz",
      "integrity": "sha512-rYCsBF/M5HjUch52bbtVONEFjv6Xu8sm8h72dNlR5bzIE1fvC/bxgspzkjSfU+MweEMmPM8KJebG6nnyxo5mCg==",
      "license": "Apache-2.0",
      "bin": {
        "playwright-core": "cli.js"
      },
      "engines": {
        "node": ">=20"
      }
    }
  }
}
